github.com/CaiJimmy/hugo-theme-stack/v3 v3.29.0 h1:6Ahvbvlyi0HrstfDt2yk6BfcAEnW107lWOUjPjD/ye4=
github.com/CaiJimmy/hugo-theme-stack/v3 v3.29.0/go.mod h1:IPmCXiIxlFSLFYS0tOmYP6ySLviyeNVSabyvSuaxD+I=
github.com/ineesalmeida/almeida-cv v0.0.0-20241226105939-dbe7ea5031fb h1:lHjnxEnQo7/HqG7V4/LTLGI8DUjT04Yah3VuPaI47Ro=
github.com/ineesalmeida/almeida-cv v0.0.0-20241226105939-dbe7ea5031fb/go.mod h1:kS5gSjROz6mp4i3g2B2QvKvZdcz54ayHr96FewEQjfM=
